
Microsoft Visual Studio Solution File, Format Version 12.00
# Visual Studio 15
VisualStudioVersion = 15.0.28307.271
MinimumVisualStudioVersion = 10.0.40219.1
Project("{FAE04EC0-301F-11D3-BF4B-00C04F79EFBC}") = "GameOverlayExample", "GameOverlayExample.csproj", "{1CD9A94C-8630-465F-8D40-21D08A1ECE3B}"
EndProject
Global
	GlobalSection(SolutionConfigurationPlatforms) = preSolution
		Debug|Any CPU = Debug|Any CPU
		Release|Any CPU = Release|Any CPU
	EndGlobalSection
	GlobalSection(ProjectConfigurationPlatforms) = postSolution
		{1CD9A94C-8630-465F-8D40-21D08A1ECE3B}.Debug|Any CPU.ActiveCfg = Debug|Any CPU
		{1CD9A94C-8630-465F-8D40-21D08A1ECE3B}.Debug|Any CPU.Build.0 = Debug|Any CPU
		{1CD9A94C-8630-465F-8D40-21D08A1ECE3B}.Release|Any CPU.ActiveCfg = Release|Any CPU
		{1CD9A94C-8630-465F-8D40-21D08A1ECE3B}.Release|Any CPU.Build.0 = Release|Any CPU
	EndGlobalSection
	GlobalSection(SolutionProperties) = preSolution
		HideSolutionNode = FALSE
	EndGlobalSection
	GlobalSection(ExtensibilityGlobals) = postSolution
		SolutionGuid = {33F11F4C-751C-4212-9EBD-F4A48CAE3A7C}
	EndGlobalSection
EndGlobal
