
Microsoft Visual Studio Solution File, Format Version 12.00
# Visual Studio 2013
VisualStudioVersion = 12.0.40629.0
MinimumVisualStudioVersion = 10.0.40219.1
Project("{FAE04EC0-301F-11D3-BF4B-00C04F79EFBC}") = "DirectXOverlayWindow", "DirectXOverlayWindow\DirectXOverlayWindow.csproj", "{12150582-7A7B-445A-B9AD-678AA8B87F6F}"
EndProject
Global
	GlobalSection(SolutionConfigurationPlatforms) = preSolution
		Debug|Any CPU = Debug|Any CPU
		Release|Any CPU = Release|Any CPU
	EndGlobalSection
	GlobalSection(ProjectConfigurationPlatforms) = postSolution
		{12150582-7A7B-445A-B9AD-678AA8B87F6F}.Debug|Any CPU.ActiveCfg = Debug|Any CPU
		{12150582-7A7B-445A-B9AD-678AA8B87F6F}.Debug|Any CPU.Build.0 = Debug|Any CPU
		{12150582-7A7B-445A-B9AD-678AA8B87F6F}.Release|Any CPU.ActiveCfg = Release|Any CPU
		{12150582-7A7B-445A-B9AD-678AA8B87F6F}.Release|Any CPU.Build.0 = Release|Any CPU
	EndGlobalSection
	GlobalSection(SolutionProperties) = preSolution
		HideSolutionNode = FALSE
	EndGlobalSection
EndGlobal
