
Microsoft Visual Studio Solution File, Format Version 12.00
# Visual Studio 15
VisualStudioVersion = 15.0.27004.2009
MinimumVisualStudioVersion = 10.0.40219.1
Project("{FAE04EC0-301F-11D3-BF4B-00C04F79EFBC}") = "GameOverlay", "GameOverlay\GameOverlay.csproj", "{313A83B1-C9C1-411D-A747-63BFA1FFA24C}"
EndProject
Global
	GlobalSection(SolutionConfigurationPlatforms) = preSolution
		Debug|Any CPU = Debug|Any CPU
		Release|Any CPU = Release|Any CPU
	EndGlobalSection
	GlobalSection(ProjectConfigurationPlatforms) = postSolution
		{313A83B1-C9C1-411D-A747-63BFA1FFA24C}.Debug|Any CPU.ActiveCfg = Debug|Any CPU
		{313A83B1-C9C1-411D-A747-63BFA1FFA24C}.Debug|Any CPU.Build.0 = Debug|Any CPU
		{313A83B1-C9C1-411D-A747-63BFA1FFA24C}.Release|Any CPU.ActiveCfg = Release|Any CPU
		{313A83B1-C9C1-411D-A747-63BFA1FFA24C}.Release|Any CPU.Build.0 = Release|Any CPU
	EndGlobalSection
	GlobalSection(SolutionProperties) = preSolution
		HideSolutionNode = FALSE
	EndGlobalSection
	GlobalSection(ExtensibilityGlobals) = postSolution
		SolutionGuid = {0FFD5607-7D18-40B2-AE3D-6BCBF4D15FAE}
	EndGlobalSection
EndGlobal
